// !$*UTF8*$!
{
	archiveVersion = 1;
	classes = {
	};
	objectVersion = 55;
	objects = {

/* Begin PBXBuildFile section */
		4D4FF5B2299251E400F87BF2 /* ChatViewController.swift in Sources */ = {isa = PBXBuildFile; fileRef = 4D4FF5B1299251E400F87BF2 /* ChatViewController.swift */; };
		4D79929529936CDF005E31A4 /* StorageManager.swift in Sources */ = {isa = PBXBuildFile; fileRef = 4D79929429936CDF005E31A4 /* StorageManager.swift */; };
		4D9D25DE298B8C1C00E97EBA /* FBSDKCoreKit.xcframework in Frameworks */ = {isa = PBXBuildFile; fileRef = 4D9D25DD298B8C1C00E97EBA /* FBSDKCoreKit.xcframework */; };
		4D9D25DF298B8C1C00E97EBA /* FBSDKCoreKit.xcframework in Embed Frameworks */ = {isa = PBXBuildFile; fileRef = 4D9D25DD298B8C1C00E97EBA /* FBSDKCoreKit.xcframework */; settings = {ATTRIBUTES = (RemoveHeadersOnCopy, ); }; };
		4DB9F7A4298A395E0004E578 /* AppDelegate.swift in Sources */ = {isa = PBXBuildFile; fileRef = 4DB9F7A3298A395E0004E578 /* AppDelegate.swift */; };
		4DB9F7A6298A395E0004E578 /* SceneDelegate.swift in Sources */ = {isa = PBXBuildFile; fileRef = 4DB9F7A5298A395E0004E578 /* SceneDelegate.swift */; };
		4DB9F7A8298A395E0004E578 /* ConversationsViewController.swift in Sources */ = {isa = PBXBuildFile; fileRef = 4DB9F7A7298A395E0004E578 /* ConversationsViewController.swift */; };
		4DB9F7AB298A395E0004E578 /* Main.storyboard in Resources */ = {isa = PBXBuildFile; fileRef = 4DB9F7A9298A395E0004E578 /* Main.storyboard */; };
		4DB9F7AD298A39620004E578 /* Assets.xcassets in Resources */ = {isa = PBXBuildFile; fileRef = 4DB9F7AC298A39620004E578 /* Assets.xcassets */; };
		4DB9F7B0298A39620004E578 /* LaunchScreen.storyboard in Resources */ = {isa = PBXBuildFile; fileRef = 4DB9F7AE298A39620004E578 /* LaunchScreen.storyboard */; };
		4DB9F7BE298A3DF00004E578 /* LoginViewController.swift in Sources */ = {isa = PBXBuildFile; fileRef = 4DB9F7BD298A3DF00004E578 /* LoginViewController.swift */; };
		4DB9F7C0298A3E170004E578 /* RegisterViewController.swift in Sources */ = {isa = PBXBuildFile; fileRef = 4DB9F7BF298A3E170004E578 /* RegisterViewController.swift */; };
		4DB9F7C2298A3E5C0004E578 /* PhotoViewerViewController.swift in Sources */ = {isa = PBXBuildFile; fileRef = 4DB9F7C1298A3E5C0004E578 /* PhotoViewerViewController.swift */; };
		4DB9F7C4298A3E720004E578 /* VideoPlayerViewController.swift in Sources */ = {isa = PBXBuildFile; fileRef = 4DB9F7C3298A3E720004E578 /* VideoPlayerViewController.swift */; };
		4DB9F7C6298A3EA60004E578 /* NewConversationViewController.swift in Sources */ = {isa = PBXBuildFile; fileRef = 4DB9F7C5298A3EA60004E578 /* NewConversationViewController.swift */; };
		4DB9F7C8298A3ECB0004E578 /* ProfileViewController.swift in Sources */ = {isa = PBXBuildFile; fileRef = 4DB9F7C7298A3ECB0004E578 /* ProfileViewController.swift */; };
		4DB9F7CB298A47B70004E578 /* Extensions.swift in Sources */ = {isa = PBXBuildFile; fileRef = 4DB9F7CA298A47B70004E578 /* Extensions.swift */; };
		4DB9F7CD298A862C0004E578 /* GoogleService-Info.plist in Resources */ = {isa = PBXBuildFile; fileRef = 4DB9F7CC298A862B0004E578 /* GoogleService-Info.plist */; };
		4DB9F7CF298A96AD0004E578 /* DatabaseManager.swift in Sources */ = {isa = PBXBuildFile; fileRef = 4DB9F7CE298A96AD0004E578 /* DatabaseManager.swift */; };
		6F7A2A15CBADEBC7C78A9D42 /* Pods_Messenger.framework in Frameworks */ = {isa = PBXBuildFile; fileRef = 14B01DBA8D6120B900081364 /* Pods_Messenger.framework */; };
/* End PBXBuildFile section */

/* Begin PBXCopyFilesBuildPhase section */
		4D9D25E0298B8C1C00E97EBA /* Embed Frameworks */ = {
			isa = PBXCopyFilesBuildPhase;
			buildActionMask = 2147483647;
			dstPath = "";
			dstSubfolderSpec = 10;
			files = (
				4D9D25DF298B8C1C00E97EBA /* FBSDKCoreKit.xcframework in Embed Frameworks */,
			);
			name = "Embed Frameworks";
			runOnlyForDeploymentPostprocessing = 0;
		};
/* End PBXCopyFilesBuildPhase section */

/* Begin PBXFileReference section */
		14B01DBA8D6120B900081364 /* Pods_Messenger.framework */ = {isa = PBXFileReference; explicitFileType = wrapper.framework; includeInIndex = 0; path = Pods_Messenger.framework; sourceTree = BUILT_PRODUCTS_DIR; };
		40B24D4F92EE491C239B045A /* Pods-Messenger.debug.xcconfig */ = {isa = PBXFileReference; includeInIndex = 1; lastKnownFileType = text.xcconfig; name = "Pods-Messenger.debug.xcconfig"; path = "Target Support Files/Pods-Messenger/Pods-Messenger.debug.xcconfig"; sourceTree = "<group>"; };
		4D4FF5B1299251E400F87BF2 /* ChatViewController.swift */ = {isa = PBXFileReference; lastKnownFileType = sourcecode.swift; path = ChatViewController.swift; sourceTree = "<group>"; };
		4D79929429936CDF005E31A4 /* StorageManager.swift */ = {isa = PBXFileReference; lastKnownFileType = sourcecode.swift; name = StorageManager.swift; path = Messenger/Resources/StorageManager.swift; sourceTree = SOURCE_ROOT; };
		4D9D25DC298B86C700E97EBA /* Messenger.entitlements */ = {isa = PBXFileReference; lastKnownFileType = text.plist.entitlements; path = Messenger.entitlements; sourceTree = "<group>"; };
		4D9D25DD298B8C1C00E97EBA /* FBSDKCoreKit.xcframework */ = {isa = PBXFileReference; lastKnownFileType = wrapper.xcframework; name = FBSDKCoreKit.xcframework; path = Pods/FBSDKCoreKit/XCFrameworks/FBSDKCoreKit.xcframework; sourceTree = "<group>"; };
		4DB9F7A0298A395E0004E578 /* Messenger.app */ = {isa = PBXFileReference; explicitFileType = wrapper.application; includeInIndex = 0; path = Messenger.app; sourceTree = BUILT_PRODUCTS_DIR; };
		4DB9F7A3298A395E0004E578 /* AppDelegate.swift */ = {isa = PBXFileReference; lastKnownFileType = sourcecode.swift; path = AppDelegate.swift; sourceTree = "<group>"; };
		4DB9F7A5298A395E0004E578 /* SceneDelegate.swift */ = {isa = PBXFileReference; lastKnownFileType = sourcecode.swift; path = SceneDelegate.swift; sourceTree = "<group>"; };
		4DB9F7A7298A395E0004E578 /* ConversationsViewController.swift */ = {isa = PBXFileReference; lastKnownFileType = sourcecode.swift; path = ConversationsViewController.swift; sourceTree = "<group>"; };
		4DB9F7AA298A395E0004E578 /* Base */ = {isa = PBXFileReference; lastKnownFileType = file.storyboard; name = Base; path = Base.lproj/Main.storyboard; sourceTree = "<group>"; };
		4DB9F7AC298A39620004E578 /* Assets.xcassets */ = {isa = PBXFileReference; lastKnownFileType = folder.assetcatalog; path = Assets.xcassets; sourceTree = "<group>"; };
		4DB9F7AF298A39620004E578 /* Base */ = {isa = PBXFileReference; lastKnownFileType = file.storyboard; name = Base; path = Base.lproj/LaunchScreen.storyboard; sourceTree = "<group>"; };
		4DB9F7B1298A39620004E578 /* Info.plist */ = {isa = PBXFileReference; lastKnownFileType = text.plist.xml; path = Info.plist; sourceTree = "<group>"; };
		4DB9F7BD298A3DF00004E578 /* LoginViewController.swift */ = {isa = PBXFileReference; lastKnownFileType = sourcecode.swift; path = LoginViewController.swift; sourceTree = "<group>"; };
		4DB9F7BF298A3E170004E578 /* RegisterViewController.swift */ = {isa = PBXFileReference; lastKnownFileType = sourcecode.swift; path = RegisterViewController.swift; sourceTree = "<group>"; };
		4DB9F7C1298A3E5C0004E578 /* PhotoViewerViewController.swift */ = {isa = PBXFileReference; lastKnownFileType = sourcecode.swift; path = PhotoViewerViewController.swift; sourceTree = "<group>"; };
		4DB9F7C3298A3E720004E578 /* VideoPlayerViewController.swift */ = {isa = PBXFileReference; lastKnownFileType = sourcecode.swift; path = VideoPlayerViewController.swift; sourceTree = "<group>"; };
		4DB9F7C5298A3EA60004E578 /* NewConversationViewController.swift */ = {isa = PBXFileReference; lastKnownFileType = sourcecode.swift; path = NewConversationViewController.swift; sourceTree = "<group>"; };
		4DB9F7C7298A3ECB0004E578 /* ProfileViewController.swift */ = {isa = PBXFileReference; lastKnownFileType = sourcecode.swift; path = ProfileViewController.swift; sourceTree = "<group>"; };
		4DB9F7CA298A47B70004E578 /* Extensions.swift */ = {isa = PBXFileReference; lastKnownFileType = sourcecode.swift; path = Extensions.swift; sourceTree = "<group>"; };
		4DB9F7CC298A862B0004E578 /* GoogleService-Info.plist */ = {isa = PBXFileReference; fileEncoding = 4; lastKnownFileType = text.plist.xml; path = "GoogleService-Info.plist"; sourceTree = "<group>"; };
		4DB9F7CE298A96AD0004E578 /* DatabaseManager.swift */ = {isa = PBXFileReference; lastKnownFileType = sourcecode.swift; path = DatabaseManager.swift; sourceTree = "<group>"; };
		E834A8AB7C7809C75ABB800E /* Pods-Messenger.release.xcconfig */ = {isa = PBXFileReference; includeInIndex = 1; lastKnownFileType = text.xcconfig; name = "Pods-Messenger.release.xcconfig"; path = "Target Support Files/Pods-Messenger/Pods-Messenger.release.xcconfig"; sourceTree = "<group>"; };
/* End PBXFileReference section */

/* Begin PBXFrameworksBuildPhase section */
		4DB9F79D298A395E0004E578 /* Frameworks */ = {
			isa = PBXFrameworksBuildPhase;
			buildActionMask = 2147483647;
			files = (
				4D9D25DE298B8C1C00E97EBA /* FBSDKCoreKit.xcframework in Frameworks */,
				6F7A2A15CBADEBC7C78A9D42 /* Pods_Messenger.framework in Frameworks */,
			);
			runOnlyForDeploymentPostprocessing = 0;
		};
/* End PBXFrameworksBuildPhase section */

/* Begin PBXGroup section */
		4DB9F797298A395E0004E578 = {
			isa = PBXGroup;
			children = (
				4DB9F7A2298A395E0004E578 /* Messenger */,
				4DB9F7A1298A395E0004E578 /* Products */,
				E9C2D300D8B57DBB37B18EFB /* Pods */,
				B212111756C8FBB7CE514762 /* Frameworks */,
			);
			sourceTree = "<group>";
		};
		4DB9F7A1298A395E0004E578 /* Products */ = {
			isa = PBXGroup;
			children = (
				4DB9F7A0298A395E0004E578 /* Messenger.app */,
			);
			name = Products;
			sourceTree = "<group>";
		};
		4DB9F7A2298A395E0004E578 /* Messenger */ = {
			isa = PBXGroup;
			children = (
				4D9D25DC298B86C700E97EBA /* Messenger.entitlements */,
				4DB9F7CC298A862B0004E578 /* GoogleService-Info.plist */,
				4DB9F7B1298A39620004E578 /* Info.plist */,
				4DB9F7BB298A3BAD0004E578 /* Resources */,
				4DB9F7BA298A3B940004E578 /* ViewModels */,
				4DB9F7B9298A3B840004E578 /* Models */,
				4DB9F7B8298A3B730004E578 /* Views */,
				4DB9F7B7298A3B600004E578 /* Controllers */,
			);
			path = Messenger;
			sourceTree = "<group>";
		};
		4DB9F7B7298A3B600004E578 /* Controllers */ = {
			isa = PBXGroup;
			children = (
				4DB9F7A7298A395E0004E578 /* ConversationsViewController.swift */,
				4DB9F7C9298A40C80004E578 /* Login */,
				4DB9F7C1298A3E5C0004E578 /* PhotoViewerViewController.swift */,
				4DB9F7C3298A3E720004E578 /* VideoPlayerViewController.swift */,
				4DB9F7C5298A3EA60004E578 /* NewConversationViewController.swift */,
				4DB9F7C7298A3ECB0004E578 /* ProfileViewController.swift */,
				4D4FF5B1299251E400F87BF2 /* ChatViewController.swift */,
			);
			path = Controllers;
			sourceTree = "<group>";
		};
		4DB9F7B8298A3B730004E578 /* Views */ = {
			isa = PBXGroup;
			children = (
				4DB9F7BC298A3BF70004E578 /* StoryBoards */,
				4DB9F7AC298A39620004E578 /* Assets.xcassets */,
			);
			path = Views;
			sourceTree = "<group>";
		};
		4DB9F7B9298A3B840004E578 /* Models */ = {
			isa = PBXGroup;
			children = (
			);
			path = Models;
			sourceTree = "<group>";
		};
		4DB9F7BA298A3B940004E578 /* ViewModels */ = {
			isa = PBXGroup;
			children = (
			);
			path = ViewModels;
			sourceTree = "<group>";
		};
		4DB9F7BB298A3BAD0004E578 /* Resources */ = {
			isa = PBXGroup;
			children = (
				4DB9F7A3298A395E0004E578 /* AppDelegate.swift */,
				4DB9F7A5298A395E0004E578 /* SceneDelegate.swift */,
				4DB9F7CA298A47B70004E578 /* Extensions.swift */,
				4DB9F7CE298A96AD0004E578 /* DatabaseManager.swift */,
				4D79929429936CDF005E31A4 /* StorageManager.swift */,
			);
			path = Resources;
			sourceTree = "<group>";
		};
		4DB9F7BC298A3BF70004E578 /* StoryBoards */ = {
			isa = PBXGroup;
			children = (
				4DB9F7A9298A395E0004E578 /* Main.storyboard */,
				4DB9F7AE298A39620004E578 /* LaunchScreen.storyboard */,
			);
			path = StoryBoards;
			sourceTree = "<group>";
		};
		4DB9F7C9298A40C80004E578 /* Login */ = {
			isa = PBXGroup;
			children = (
				4DB9F7BD298A3DF00004E578 /* LoginViewController.swift */,
				4DB9F7BF298A3E170004E578 /* RegisterViewController.swift */,
			);
			path = Login;
			sourceTree = "<group>";
		};
		B212111756C8FBB7CE514762 /* Frameworks */ = {
			isa = PBXGroup;
			children = (
				4D9D25DD298B8C1C00E97EBA /* FBSDKCoreKit.xcframework */,
				14B01DBA8D6120B900081364 /* Pods_Messenger.framework */,
			);
			name = Frameworks;
			sourceTree = "<group>";
		};
		E9C2D300D8B57DBB37B18EFB /* Pods */ = {
			isa = PBXGroup;
			children = (
				40B24D4F92EE491C239B045A /* Pods-Messenger.debug.xcconfig */,
				E834A8AB7C7809C75ABB800E /* Pods-Messenger.release.xcconfig */,
			);
			path = Pods;
			sourceTree = "<group>";
		};
/* End PBXGroup section */

/* Begin PBXNativeTarget section */
		4DB9F79F298A395E0004E578 /* Messenger */ = {
			isa = PBXNativeTarget;
			buildConfigurationList = 4DB9F7B4298A39620004E578 /* Build configuration list for PBXNativeTarget "Messenger" */;
			buildPhases = (
				F1F8B7139FE4C288507D57B7 /* [CP] Check Pods Manifest.lock */,
				4DB9F79C298A395E0004E578 /* Sources */,
				4DB9F79D298A395E0004E578 /* Frameworks */,
				4DB9F79E298A395E0004E578 /* Resources */,
				8F8971A2AFCE35F36CF41DED /* [CP] Embed Pods Frameworks */,
				4D9D25E0298B8C1C00E97EBA /* Embed Frameworks */,
			);
			buildRules = (
			);
			dependencies = (
			);
			name = Messenger;
			productName = Messenger;
			productReference = 4DB9F7A0298A395E0004E578 /* Messenger.app */;
			productType = "com.apple.product-type.application";
		};
/* End PBXNativeTarget section */

/* Begin PBXProject section */
		4DB9F798298A395E0004E578 /* Project object */ = {
			isa = PBXProject;
			attributes = {
				BuildIndependentTargetsInParallel = 1;
				LastSwiftUpdateCheck = 1310;
				LastUpgradeCheck = 1310;
				TargetAttributes = {
					4DB9F79F298A395E0004E578 = {
						CreatedOnToolsVersion = 13.1;
					};
				};
			};
			buildConfigurationList = 4DB9F79B298A395E0004E578 /* Build configuration list for PBXProject "Messenger" */;
			compatibilityVersion = "Xcode 13.0";
			developmentRegion = en;
			hasScannedForEncodings = 0;
			knownRegions = (
				en,
				Base,
			);
			mainGroup = 4DB9F797298A395E0004E578;
			productRefGroup = 4DB9F7A1298A395E0004E578 /* Products */;
			projectDirPath = "";
			projectRoot = "";
			targets = (
				4DB9F79F298A395E0004E578 /* Messenger */,
			);
		};
/* End PBXProject section */

/* Begin PBXResourcesBuildPhase section */
		4DB9F79E298A395E0004E578 /* Resources */ = {
			isa = PBXResourcesBuildPhase;
			buildActionMask = 2147483647;
			files = (
				4DB9F7B0298A39620004E578 /* LaunchScreen.storyboard in Resources */,
				4DB9F7CD298A862C0004E578 /* GoogleService-Info.plist in Resources */,
				4DB9F7AD298A39620004E578 /* Assets.xcassets in Resources */,
				4DB9F7AB298A395E0004E578 /* Main.storyboard in Resources */,
			);
			runOnlyForDeploymentPostprocessing = 0;
		};
/* End PBXResourcesBuildPhase section */

/* Begin PBXShellScriptBuildPhase section */
		8F8971A2AFCE35F36CF41DED /* [CP] Embed Pods Frameworks */ = {
			isa = PBXShellScriptBuildPhase;
			buildActionMask = 2147483647;
			files = (
			);
			inputFileListPaths = (
				"${PODS_ROOT}/Target Support Files/Pods-Messenger/Pods-Messenger-frameworks-${CONFIGURATION}-input-files.xcfilelist",
			);
			name = "[CP] Embed Pods Frameworks";
			outputFileListPaths = (
				"${PODS_ROOT}/Target Support Files/Pods-Messenger/Pods-Messenger-frameworks-${CONFIGURATION}-output-files.xcfilelist",
			);
			runOnlyForDeploymentPostprocessing = 0;
			shellPath = /bin/sh;
			shellScript = "\"${PODS_ROOT}/Target Support Files/Pods-Messenger/Pods-Messenger-frameworks.sh\"\n";
			showEnvVarsInLog = 0;
		};
		F1F8B7139FE4C288507D57B7 /* [CP] Check Pods Manifest.lock */ = {
			isa = PBXShellScriptBuildPhase;
			buildActionMask = 2147483647;
			files = (
			);
			inputFileListPaths = (
			);
			inputPaths = (
				"${PODS_PODFILE_DIR_PATH}/Podfile.lock",
				"${PODS_ROOT}/Manifest.lock",
			);
			name = "[CP] Check Pods Manifest.lock";
			outputFileListPaths = (
			);
			outputPaths = (
				"$(DERIVED_FILE_DIR)/Pods-Messenger-checkManifestLockResult.txt",
			);
			runOnlyForDeploymentPostprocessing = 0;
			shellPath = /bin/sh;
			shellScript = "diff \"${PODS_PODFILE_DIR_PATH}/Podfile.lock\" \"${PODS_ROOT}/Manifest.lock\" > /dev/null\nif [ $? != 0 ] ; then\n    # print error to STDERR\n    echo \"error: The sandbox is not in sync with the Podfile.lock. Run 'pod install' or update your CocoaPods installation.\" >&2\n    exit 1\nfi\n# This output is used by Xcode 'outputs' to avoid re-running this script phase.\necho \"SUCCESS\" > \"${SCRIPT_OUTPUT_FILE_0}\"\n";
			showEnvVarsInLog = 0;
		};
/* End PBXShellScriptBuildPhase section */

/* Begin PBXSourcesBuildPhase section */
		4DB9F79C298A395E0004E578 /* Sources */ = {
			isa = PBXSourcesBuildPhase;
			buildActionMask = 2147483647;
			files = (
				4DB9F7BE298A3DF00004E578 /* LoginViewController.swift in Sources */,
				4DB9F7CF298A96AD0004E578 /* DatabaseManager.swift in Sources */,
				4DB9F7C0298A3E170004E578 /* RegisterViewController.swift in Sources */,
				4DB9F7C6298A3EA60004E578 /* NewConversationViewController.swift in Sources */,
				4DB9F7A8298A395E0004E578 /* ConversationsViewController.swift in Sources */,
				4DB9F7C4298A3E720004E578 /* VideoPlayerViewController.swift in Sources */,
				4DB9F7CB298A47B70004E578 /* Extensions.swift in Sources */,
				4DB9F7A4298A395E0004E578 /* AppDelegate.swift in Sources */,
				4DB9F7C8298A3ECB0004E578 /* ProfileViewController.swift in Sources */,
				4DB9F7A6298A395E0004E578 /* SceneDelegate.swift in Sources */,
				4D4FF5B2299251E400F87BF2 /* ChatViewController.swift in Sources */,
				4DB9F7C2298A3E5C0004E578 /* PhotoViewerViewController.swift in Sources */,
				4D79929529936CDF005E31A4 /* StorageManager.swift in Sources */,
			);
			runOnlyForDeploymentPostprocessing = 0;
		};
/* End PBXSourcesBuildPhase section */

/* Begin PBXVariantGroup section */
		4DB9F7A9298A395E0004E578 /* Main.storyboard */ = {
			isa = PBXVariantGroup;
			children = (
				4DB9F7AA298A395E0004E578 /* Base */,
			);
			name = Main.storyboard;
			sourceTree = "<group>";
		};
		4DB9F7AE298A39620004E578 /* LaunchScreen.storyboard */ = {
			isa = PBXVariantGroup;
			children = (
				4DB9F7AF298A39620004E578 /* Base */,
			);
			name = LaunchScreen.storyboard;
			sourceTree = "<group>";
		};
/* End PBXVariantGroup section */

/* Begin XCBuildConfiguration section */
		4DB9F7B2298A39620004E578 /* Debug */ = {
			isa = XCBuildConfiguration;
			buildSettings = {
				ALWAYS_SEARCH_USER_PATHS = NO;
				CLANG_ANALYZER_NONNULL = YES;
				CLANG_ANALYZER_NUMBER_OBJECT_CONVERSION = YES_AGGRESSIVE;
				CLANG_CXX_LANGUAGE_STANDARD = "gnu++17";
				CLANG_CXX_LIBRARY = "libc++";
				CLANG_ENABLE_MODULES = YES;
				CLANG_ENABLE_OBJC_ARC = YES;
				CLANG_ENABLE_OBJC_WEAK = YES;
				CLANG_WARN_BLOCK_CAPTURE_AUTORELEASING = YES;
				CLANG_WARN_BOOL_CONVERSION = YES;
				CLANG_WARN_COMMA = YES;
				CLANG_WARN_CONSTANT_CONVERSION = YES;
				CLANG_WARN_DEPRECATED_OBJC_IMPLEMENTATIONS = YES;
				CLANG_WARN_DIRECT_OBJC_ISA_USAGE = YES_ERROR;
				CLANG_WARN_DOCUMENTATION_COMMENTS = YES;
				CLANG_WARN_EMPTY_BODY = YES;
				CLANG_WARN_ENUM_CONVERSION = YES;
				CLANG_WARN_INFINITE_RECURSION = YES;
				CLANG_WARN_INT_CONVERSION = YES;
				CLANG_WARN_NON_LITERAL_NULL_CONVERSION = YES;
				CLANG_WARN_OBJC_IMPLICIT_RETAIN_SELF = YES;
				CLANG_WARN_OBJC_LITERAL_CONVERSION = YES;
				CLANG_WARN_OBJC_ROOT_CLASS = YES_ERROR;
				CLANG_WARN_QUOTED_INCLUDE_IN_FRAMEWORK_HEADER = YES;
				CLANG_WARN_RANGE_LOOP_ANALYSIS = YES;
				CLANG_WARN_STRICT_PROTOTYPES = YES;
				CLANG_WARN_SUSPICIOUS_MOVE = YES;
				CLANG_WARN_UNGUARDED_AVAILABILITY = YES_AGGRESSIVE;
				CLANG_WARN_UNREACHABLE_CODE = YES;
				CLANG_WARN__DUPLICATE_METHOD_MATCH = YES;
				COPY_PHASE_STRIP = NO;
				DEBUG_INFORMATION_FORMAT = dwarf;
				ENABLE_STRICT_OBJC_MSGSEND = YES;
				ENABLE_TESTABILITY = YES;
				GCC_C_LANGUAGE_STANDARD = gnu11;
				GCC_DYNAMIC_NO_PIC = NO;
				GCC_NO_COMMON_BLOCKS = YES;
				GCC_OPTIMIZATION_LEVEL = 0;
				GCC_PREPROCESSOR_DEFINITIONS = (
					"DEBUG=1",
					"$(inherited)",
				);
				GCC_WARN_64_TO_32_BIT_CONVERSION = YES;
				GCC_WARN_ABOUT_RETURN_TYPE = YES_ERROR;
				GCC_WARN_UNDECLARED_SELECTOR = YES;
				GCC_WARN_UNINITIALIZED_AUTOS = YES_AGGRESSIVE;
				GCC_WARN_UNUSED_FUNCTION = YES;
				GCC_WARN_UNUSED_VARIABLE = YES;
				IPHONEOS_DEPLOYMENT_TARGET = 15.0;
				MTL_ENABLE_DEBUG_INFO = INCLUDE_SOURCE;
				MTL_FAST_MATH = YES;
				ONLY_ACTIVE_ARCH = YES;
				SDKROOT = iphoneos;
				SWIFT_ACTIVE_COMPILATION_CONDITIONS = DEBUG;
				SWIFT_OPTIMIZATION_LEVEL = "-Onone";
			};
			name = Debug;
		};
		4DB9F7B3298A39620004E578 /* Release */ = {
			isa = XCBuildConfiguration;
			buildSettings = {
				ALWAYS_SEARCH_USER_PATHS = NO;
				CLANG_ANALYZER_NONNULL = YES;
				CLANG_ANALYZER_NUMBER_OBJECT_CONVERSION = YES_AGGRESSIVE;
				CLANG_CXX_LANGUAGE_STANDARD = "gnu++17";
				CLANG_CXX_LIBRARY = "libc++";
				CLANG_ENABLE_MODULES = YES;
				CLANG_ENABLE_OBJC_ARC = YES;
				CLANG_ENABLE_OBJC_WEAK = YES;
				CLANG_WARN_BLOCK_CAPTURE_AUTORELEASING = YES;
				CLANG_WARN_BOOL_CONVERSION = YES;
				CLANG_WARN_COMMA = YES;
				CLANG_WARN_CONSTANT_CONVERSION = YES;
				CLANG_WARN_DEPRECATED_OBJC_IMPLEMENTATIONS = YES;
				CLANG_WARN_DIRECT_OBJC_ISA_USAGE = YES_ERROR;
				CLANG_WARN_DOCUMENTATION_COMMENTS = YES;
				CLANG_WARN_EMPTY_BODY = YES;
				CLANG_WARN_ENUM_CONVERSION = YES;
				CLANG_WARN_INFINITE_RECURSION = YES;
				CLANG_WARN_INT_CONVERSION = YES;
				CLANG_WARN_NON_LITERAL_NULL_CONVERSION = YES;
				CLANG_WARN_OBJC_IMPLICIT_RETAIN_SELF = YES;
				CLANG_WARN_OBJC_LITERAL_CONVERSION = YES;
				CLANG_WARN_OBJC_ROOT_CLASS = YES_ERROR;
				CLANG_WARN_QUOTED_INCLUDE_IN_FRAMEWORK_HEADER = YES;
				CLANG_WARN_RANGE_LOOP_ANALYSIS = YES;
				CLANG_WARN_STRICT_PROTOTYPES = YES;
				CLANG_WARN_SUSPICIOUS_MOVE = YES;
				CLANG_WARN_UNGUARDED_AVAILABILITY = YES_AGGRESSIVE;
				CLANG_WARN_UNREACHABLE_CODE = YES;
				CLANG_WARN__DUPLICATE_METHOD_MATCH = YES;
				COPY_PHASE_STRIP = NO;
				DEBUG_INFORMATION_FORMAT = "dwarf-with-dsym";
				ENABLE_NS_ASSERTIONS = NO;
				ENABLE_STRICT_OBJC_MSGSEND = YES;
				GCC_C_LANGUAGE_STANDARD = gnu11;
				GCC_NO_COMMON_BLOCKS = YES;
				GCC_WARN_64_TO_32_BIT_CONVERSION = YES;
				GCC_WARN_ABOUT_RETURN_TYPE = YES_ERROR;
				GCC_WARN_UNDECLARED_SELECTOR = YES;
				GCC_WARN_UNINITIALIZED_AUTOS = YES_AGGRESSIVE;
				GCC_WARN_UNUSED_FUNCTION = YES;
				GCC_WARN_UNUSED_VARIABLE = YES;
				IPHONEOS_DEPLOYMENT_TARGET = 15.0;
				MTL_ENABLE_DEBUG_INFO = NO;
				MTL_FAST_MATH = YES;
				SDKROOT = iphoneos;
				SWIFT_COMPILATION_MODE = wholemodule;
				SWIFT_OPTIMIZATION_LEVEL = "-O";
				VALIDATE_PRODUCT = YES;
			};
			name = Release;
		};
		4DB9F7B5298A39620004E578 /* Debug */ = {
			isa = XCBuildConfiguration;
			baseConfigurationReference = 40B24D4F92EE491C239B045A /* Pods-Messenger.debug.xcconfig */;
			buildSettings = {
				ASSETCATALOG_COMPILER_APPICON_NAME = AppIcon;
				ASSETCATALOG_COMPILER_GLOBAL_ACCENT_COLOR_NAME = AccentColor;
				CODE_SIGN_ENTITLEMENTS = Messenger/Messenger.entitlements;
				CODE_SIGN_STYLE = Automatic;
				CURRENT_PROJECT_VERSION = 1;
				GENERATE_INFOPLIST_FILE = YES;
				INFOPLIST_FILE = Messenger/Info.plist;
				INFOPLIST_KEY_NSCameraUsageDescription = "Please allow access to take a profile Picture";
				INFOPLIST_KEY_NSPhotoLibraryAddUsageDescription = "Plese allow access to select a photo for your profile.";
				INFOPLIST_KEY_UIApplicationSupportsIndirectInputEvents = YES;
				INFOPLIST_KEY_UILaunchStoryboardName = LaunchScreen;
				INFOPLIST_KEY_UIMainStoryboardFile = Main;
				INFOPLIST_KEY_UISupportedInterfaceOrientations = UIInterfaceOrientationPortrait;
				INFOPLIST_KEY_UISupportedInterfaceOrientations_iPad = "UIInterfaceOrientationPortrait UIInterfaceOrientationPortraitUpsideDown UIInterfaceOrientationLandscapeLeft UIInterfaceOrientationLandscapeRight";
				INFOPLIST_KEY_UISupportedInterfaceOrientations_iPhone = "UIInterfaceOrientationPortrait UIInterfaceOrientationLandscapeLeft UIInterfaceOrientationLandscapeRight";
				LD_RUNPATH_SEARCH_PATHS = (
					"$(inherited)",
					"@executable_path/Frameworks",
				);
				MARKETING_VERSION = 1.0;
				PRODUCT_BUNDLE_IDENTIFIER = com.test.Messenger;
				PRODUCT_NAME = "$(TARGET_NAME)";
				SWIFT_EMIT_LOC_STRINGS = YES;
				SWIFT_VERSION = 5.0;
				TARGETED_DEVICE_FAMILY = "1,2";
			};
			name = Debug;
		};
		4DB9F7B6298A39620004E578 /* Release */ = {
			isa = XCBuildConfiguration;
			baseConfigurationReference = E834A8AB7C7809C75ABB800E /* Pods-Messenger.release.xcconfig */;
			buildSettings = {
				ASSETCATALOG_COMPILER_APPICON_NAME = AppIcon;
				ASSETCATALOG_COMPILER_GLOBAL_ACCENT_COLOR_NAME = AccentColor;
				CODE_SIGN_ENTITLEMENTS = Messenger/Messenger.entitlements;
				CODE_SIGN_STYLE = Automatic;
				CURRENT_PROJECT_VERSION = 1;
				GENERATE_INFOPLIST_FILE = YES;
				INFOPLIST_FILE = Messenger/Info.plist;
				INFOPLIST_KEY_NSCameraUsageDescription = "Please allow access to take a profile Picture";
				INFOPLIST_KEY_NSPhotoLibraryAddUsageDescription = "Plese allow access to select a photo for your profile.";
				INFOPLIST_KEY_UIApplicationSupportsIndirectInputEvents = YES;
				INFOPLIST_KEY_UILaunchStoryboardName = LaunchScreen;
				INFOPLIST_KEY_UIMainStoryboardFile = Main;
				INFOPLIST_KEY_UISupportedInterfaceOrientations = UIInterfaceOrientationPortrait;
				INFOPLIST_KEY_UISupportedInterfaceOrientations_iPad = "UIInterfaceOrientationPortrait UIInterfaceOrientationPortraitUpsideDown UIInterfaceOrientationLandscapeLeft UIInterfaceOrientationLandscapeRight";
				INFOPLIST_KEY_UISupportedInterfaceOrientations_iPhone = "UIInterfaceOrientationPortrait UIInterfaceOrientationLandscapeLeft UIInterfaceOrientationLandscapeRight";
				LD_RUNPATH_SEARCH_PATHS = (
					"$(inherited)",
					"@executable_path/Frameworks",
				);
				MARKETING_VERSION = 1.0;
				PRODUCT_BUNDLE_IDENTIFIER = com.test.Messenger;
				PRODUCT_NAME = "$(TARGET_NAME)";
				SWIFT_EMIT_LOC_STRINGS = YES;
				SWIFT_VERSION = 5.0;
				TARGETED_DEVICE_FAMILY = "1,2";
			};
			name = Release;
		};
/* End XCBuildConfiguration section */

/* Begin XCConfigurationList section */
		4DB9F79B298A395E0004E578 /* Build configuration list for PBXProject "Messenger" */ = {
			isa = XCConfigurationList;
			buildConfigurations = (
				4DB9F7B2298A39620004E578 /* Debug */,
				4DB9F7B3298A39620004E578 /* Release */,
			);
			defaultConfigurationIsVisible = 0;
			defaultConfigurationName = Release;
		};
		4DB9F7B4298A39620004E578 /* Build configuration list for PBXNativeTarget "Messenger" */ = {
			isa = XCConfigurationList;
			buildConfigurations = (
				4DB9F7B5298A39620004E578 /* Debug */,
				4DB9F7B6298A39620004E578 /* Release */,
			);
			defaultConfigurationIsVisible = 0;
			defaultConfigurationName = Release;
		};
/* End XCConfigurationList section */
	};
	rootObject = 4DB9F798298A395E0004E578 /* Project object */;
}
